
Microsoft Visual Studio Solution File, Format Version 12.00
# Visual Studio 14
VisualStudioVersion = 14.0.25420.1
MinimumVisualStudioVersion = 10.0.40219.1
Project("{FAE04EC0-301F-11D3-BF4B-00C04F79EFBC}") = "Telefonní_seznam", "Telefonní seznam\Telefonní_seznam\Telefonní_seznam.csproj", "{0D463D0E-8D50-4792-864C-876661AFEA13}"
EndProject
Project("{FAE04EC0-301F-11D3-BF4B-00C04F79EFBC}") = "Telefonní_seznam.UWP", "Telefonní seznam\Telefonní_seznam.UWP\Telefonní_seznam.UWP.csproj", "{96B542C8-4450-4DC1-AB93-9E6A24EB2AFA}"
EndProject
Global
	GlobalSection(SolutionConfigurationPlatforms) = preSolution
		Ad-Hoc|Any CPU = Ad-Hoc|Any CPU
		Ad-Hoc|ARM = Ad-Hoc|ARM
		Ad-Hoc|iPhone = Ad-Hoc|iPhone
		Ad-Hoc|iPhoneSimulator = Ad-Hoc|iPhoneSimulator
		Ad-Hoc|x64 = Ad-Hoc|x64
		Ad-Hoc|x86 = Ad-Hoc|x86
		AppStore|Any CPU = AppStore|Any CPU
		AppStore|ARM = AppStore|ARM
		AppStore|iPhone = AppStore|iPhone
		AppStore|iPhoneSimulator = AppStore|iPhoneSimulator
		AppStore|x64 = AppStore|x64
		AppStore|x86 = AppStore|x86
		Debug|Any CPU = Debug|Any CPU
		Debug|ARM = Debug|ARM
		Debug|iPhone = Debug|iPhone
		Debug|iPhoneSimulator = Debug|iPhoneSimulator
		Debug|x64 = Debug|x64
		Debug|x86 = Debug|x86
		Release|Any CPU = Release|Any CPU
		Release|ARM = Release|ARM
		Release|iPhone = Release|iPhone
		Release|iPhoneSimulator = Release|iPhoneSimulator
		Release|x64 = Release|x64
		Release|x86 = Release|x86
	EndGlobalSection
	GlobalSection(ProjectConfigurationPlatforms) = postSolution
		{0D463D0E-8D50-4792-864C-876661AFEA13}.Ad-Hoc|Any CPU.ActiveCfg = Release|Any CPU
		{0D463D0E-8D50-4792-864C-876661AFEA13}.Ad-Hoc|Any CPU.Build.0 = Release|Any CPU
		{0D463D0E-8D50-4792-864C-876661AFEA13}.Ad-Hoc|ARM.ActiveCfg = Release|Any CPU
		{0D463D0E-8D50-4792-864C-876661AFEA13}.Ad-Hoc|ARM.Build.0 = Release|Any CPU
		{0D463D0E-8D50-4792-864C-876661AFEA13}.Ad-Hoc|iPhone.ActiveCfg = Release|Any CPU
		{0D463D0E-8D50-4792-864C-876661AFEA13}.Ad-Hoc|iPhone.Build.0 = Release|Any CPU
		{0D463D0E-8D50-4792-864C-876661AFEA13}.Ad-Hoc|iPhoneSimulator.ActiveCfg = Release|Any CPU
		{0D463D0E-8D50-4792-864C-876661AFEA13}.Ad-Hoc|iPhoneSimulator.Build.0 = Release|Any CPU
		{0D463D0E-8D50-4792-864C-876661AFEA13}.Ad-Hoc|x64.ActiveCfg = Release|Any CPU
		{0D463D0E-8D50-4792-864C-876661AFEA13}.Ad-Hoc|x64.Build.0 = Release|Any CPU
		{0D463D0E-8D50-4792-864C-876661AFEA13}.Ad-Hoc|x86.ActiveCfg = Release|Any CPU
		{0D463D0E-8D50-4792-864C-876661AFEA13}.Ad-Hoc|x86.Build.0 = Release|Any CPU
		{0D463D0E-8D50-4792-864C-876661AFEA13}.AppStore|Any CPU.ActiveCfg = Release|Any CPU
		{0D463D0E-8D50-4792-864C-876661AFEA13}.AppStore|Any CPU.Build.0 = Release|Any CPU
		{0D463D0E-8D50-4792-864C-876661AFEA13}.AppStore|ARM.ActiveCfg = Release|Any CPU
		{0D463D0E-8D50-4792-864C-876661AFEA13}.AppStore|ARM.Build.0 = Release|Any CPU
		{0D463D0E-8D50-4792-864C-876661AFEA13}.AppStore|iPhone.ActiveCfg = Release|Any CPU
		{0D463D0E-8D50-4792-864C-876661AFEA13}.AppStore|iPhone.Build.0 = Release|Any CPU
		{0D463D0E-8D50-4792-864C-876661AFEA13}.AppStore|iPhoneSimulator.ActiveCfg = Release|Any CPU
		{0D463D0E-8D50-4792-864C-876661AFEA13}.AppStore|iPhoneSimulator.Build.0 = Release|Any CPU
		{0D463D0E-8D50-4792-864C-876661AFEA13}.AppStore|x64.ActiveCfg = Release|Any CPU
		{0D463D0E-8D50-4792-864C-876661AFEA13}.AppStore|x64.Build.0 = Release|Any CPU
		{0D463D0E-8D50-4792-864C-876661AFEA13}.AppStore|x86.ActiveCfg = Release|Any CPU
		{0D463D0E-8D50-4792-864C-876661AFEA13}.AppStore|x86.Build.0 = Release|Any CPU
		{0D463D0E-8D50-4792-864C-876661AFEA13}.Debug|Any CPU.ActiveCfg = Debug|Any CPU
		{0D463D0E-8D50-4792-864C-876661AFEA13}.Debug|Any CPU.Build.0 = Debug|Any CPU
		{0D463D0E-8D50-4792-864C-876661AFEA13}.Debug|Any CPU.Deploy.0 = Debug|Any CPU
		{0D463D0E-8D50-4792-864C-876661AFEA13}.Debug|ARM.ActiveCfg = Debug|Any CPU
		{0D463D0E-8D50-4792-864C-876661AFEA13}.Debug|ARM.Build.0 = Debug|Any CPU
		{0D463D0E-8D50-4792-864C-876661AFEA13}.Debug|iPhone.ActiveCfg = Debug|Any CPU
		{0D463D0E-8D50-4792-864C-876661AFEA13}.Debug|iPhone.Build.0 = Debug|Any CPU
		{0D463D0E-8D50-4792-864C-876661AFEA13}.Debug|iPhoneSimulator.ActiveCfg = Debug|Any CPU
		{0D463D0E-8D50-4792-864C-876661AFEA13}.Debug|iPhoneSimulator.Build.0 = Debug|Any CPU
		{0D463D0E-8D50-4792-864C-876661AFEA13}.Debug|x64.ActiveCfg = Debug|Any CPU
		{0D463D0E-8D50-4792-864C-876661AFEA13}.Debug|x64.Build.0 = Debug|Any CPU
		{0D463D0E-8D50-4792-864C-876661AFEA13}.Debug|x86.ActiveCfg = Debug|Any CPU
		{0D463D0E-8D50-4792-864C-876661AFEA13}.Debug|x86.Build.0 = Debug|Any CPU
		{0D463D0E-8D50-4792-864C-876661AFEA13}.Release|Any CPU.ActiveCfg = Release|Any CPU
		{0D463D0E-8D50-4792-864C-876661AFEA13}.Release|Any CPU.Build.0 = Release|Any CPU
		{0D463D0E-8D50-4792-864C-876661AFEA13}.Release|ARM.ActiveCfg = Release|Any CPU
		{0D463D0E-8D50-4792-864C-876661AFEA13}.Release|ARM.Build.0 = Release|Any CPU
		{0D463D0E-8D50-4792-864C-876661AFEA13}.Release|iPhone.ActiveCfg = Release|Any CPU
		{0D463D0E-8D50-4792-864C-876661AFEA13}.Release|iPhone.Build.0 = Release|Any CPU
		{0D463D0E-8D50-4792-864C-876661AFEA13}.Release|iPhoneSimulator.ActiveCfg = Release|Any CPU
		{0D463D0E-8D50-4792-864C-876661AFEA13}.Release|iPhoneSimulator.Build.0 = Release|Any CPU
		{0D463D0E-8D50-4792-864C-876661AFEA13}.Release|x64.ActiveCfg = Release|Any CPU
		{0D463D0E-8D50-4792-864C-876661AFEA13}.Release|x64.Build.0 = Release|Any CPU
		{0D463D0E-8D50-4792-864C-876661AFEA13}.Release|x86.ActiveCfg = Release|Any CPU
		{0D463D0E-8D50-4792-864C-876661AFEA13}.Release|x86.Build.0 = Release|Any CPU
		{96B542C8-4450-4DC1-AB93-9E6A24EB2AFA}.Ad-Hoc|Any CPU.ActiveCfg = Release|x86
		{96B542C8-4450-4DC1-AB93-9E6A24EB2AFA}.Ad-Hoc|Any CPU.Build.0 = Release|x86
		{96B542C8-4450-4DC1-AB93-9E6A24EB2AFA}.Ad-Hoc|Any CPU.Deploy.0 = Release|x86
		{96B542C8-4450-4DC1-AB93-9E6A24EB2AFA}.Ad-Hoc|ARM.ActiveCfg = Release|ARM
		{96B542C8-4450-4DC1-AB93-9E6A24EB2AFA}.Ad-Hoc|ARM.Build.0 = Release|ARM
		{96B542C8-4450-4DC1-AB93-9E6A24EB2AFA}.Ad-Hoc|ARM.Deploy.0 = Release|ARM
		{96B542C8-4450-4DC1-AB93-9E6A24EB2AFA}.Ad-Hoc|iPhone.ActiveCfg = Release|x86
		{96B542C8-4450-4DC1-AB93-9E6A24EB2AFA}.Ad-Hoc|iPhone.Build.0 = Release|x86
		{96B542C8-4450-4DC1-AB93-9E6A24EB2AFA}.Ad-Hoc|iPhone.Deploy.0 = Release|x86
		{96B542C8-4450-4DC1-AB93-9E6A24EB2AFA}.Ad-Hoc|iPhoneSimulator.ActiveCfg = Release|x86
		{96B542C8-4450-4DC1-AB93-9E6A24EB2AFA}.Ad-Hoc|iPhoneSimulator.Build.0 = Release|x86
		{96B542C8-4450-4DC1-AB93-9E6A24EB2AFA}.Ad-Hoc|iPhoneSimulator.Deploy.0 = Release|x86
		{96B542C8-4450-4DC1-AB93-9E6A24EB2AFA}.Ad-Hoc|x64.ActiveCfg = Release|x64
		{96B542C8-4450-4DC1-AB93-9E6A24EB2AFA}.Ad-Hoc|x64.Build.0 = Release|x64
		{96B542C8-4450-4DC1-AB93-9E6A24EB2AFA}.Ad-Hoc|x64.Deploy.0 = Release|x64
		{96B542C8-4450-4DC1-AB93-9E6A24EB2AFA}.Ad-Hoc|x86.ActiveCfg = Release|x86
		{96B542C8-4450-4DC1-AB93-9E6A24EB2AFA}.Ad-Hoc|x86.Build.0 = Release|x86
		{96B542C8-4450-4DC1-AB93-9E6A24EB2AFA}.Ad-Hoc|x86.Deploy.0 = Release|x86
		{96B542C8-4450-4DC1-AB93-9E6A24EB2AFA}.AppStore|Any CPU.ActiveCfg = Release|x86
		{96B542C8-4450-4DC1-AB93-9E6A24EB2AFA}.AppStore|Any CPU.Build.0 = Release|x86
		{96B542C8-4450-4DC1-AB93-9E6A24EB2AFA}.AppStore|Any CPU.Deploy.0 = Release|x86
		{96B542C8-4450-4DC1-AB93-9E6A24EB2AFA}.AppStore|ARM.ActiveCfg = Release|ARM
		{96B542C8-4450-4DC1-AB93-9E6A24EB2AFA}.AppStore|ARM.Build.0 = Release|ARM
		{96B542C8-4450-4DC1-AB93-9E6A24EB2AFA}.AppStore|ARM.Deploy.0 = Release|ARM
		{96B542C8-4450-4DC1-AB93-9E6A24EB2AFA}.AppStore|iPhone.ActiveCfg = Release|x86
		{96B542C8-4450-4DC1-AB93-9E6A24EB2AFA}.AppStore|iPhone.Build.0 = Release|x86
		{96B542C8-4450-4DC1-AB93-9E6A24EB2AFA}.AppStore|iPhone.Deploy.0 = Release|x86
		{96B542C8-4450-4DC1-AB93-9E6A24EB2AFA}.AppStore|iPhoneSimulator.ActiveCfg = Release|x86
		{96B542C8-4450-4DC1-AB93-9E6A24EB2AFA}.AppStore|iPhoneSimulator.Build.0 = Release|x86
		{96B542C8-4450-4DC1-AB93-9E6A24EB2AFA}.AppStore|iPhoneSimulator.Deploy.0 = Release|x86
		{96B542C8-4450-4DC1-AB93-9E6A24EB2AFA}.AppStore|x64.ActiveCfg = Release|x64
		{96B542C8-4450-4DC1-AB93-9E6A24EB2AFA}.AppStore|x64.Build.0 = Release|x64
		{96B542C8-4450-4DC1-AB93-9E6A24EB2AFA}.AppStore|x64.Deploy.0 = Release|x64
		{96B542C8-4450-4DC1-AB93-9E6A24EB2AFA}.AppStore|x86.ActiveCfg = Release|x86
		{96B542C8-4450-4DC1-AB93-9E6A24EB2AFA}.AppStore|x86.Build.0 = Release|x86
		{96B542C8-4450-4DC1-AB93-9E6A24EB2AFA}.AppStore|x86.Deploy.0 = Release|x86
		{96B542C8-4450-4DC1-AB93-9E6A24EB2AFA}.Debug|Any CPU.ActiveCfg = Debug|x86
		{96B542C8-4450-4DC1-AB93-9E6A24EB2AFA}.Debug|Any CPU.Build.0 = Debug|x86
		{96B542C8-4450-4DC1-AB93-9E6A24EB2AFA}.Debug|Any CPU.Deploy.0 = Debug|x86
		{96B542C8-4450-4DC1-AB93-9E6A24EB2AFA}.Debug|ARM.ActiveCfg = Debug|ARM
		{96B542C8-4450-4DC1-AB93-9E6A24EB2AFA}.Debug|ARM.Build.0 = Debug|ARM
		{96B542C8-4450-4DC1-AB93-9E6A24EB2AFA}.Debug|ARM.Deploy.0 = Debug|ARM
		{96B542C8-4450-4DC1-AB93-9E6A24EB2AFA}.Debug|iPhone.ActiveCfg = Debug|x86
		{96B542C8-4450-4DC1-AB93-9E6A24EB2AFA}.Debug|iPhoneSimulator.ActiveCfg = Debug|x86
		{96B542C8-4450-4DC1-AB93-9E6A24EB2AFA}.Debug|x64.ActiveCfg = Debug|x64
		{96B542C8-4450-4DC1-AB93-9E6A24EB2AFA}.Debug|x64.Build.0 = Debug|x64
		{96B542C8-4450-4DC1-AB93-9E6A24EB2AFA}.Debug|x64.Deploy.0 = Debug|x64
		{96B542C8-4450-4DC1-AB93-9E6A24EB2AFA}.Debug|x86.ActiveCfg = Debug|x86
		{96B542C8-4450-4DC1-AB93-9E6A24EB2AFA}.Debug|x86.Build.0 = Debug|x86
		{96B542C8-4450-4DC1-AB93-9E6A24EB2AFA}.Debug|x86.Deploy.0 = Debug|x86
		{96B542C8-4450-4DC1-AB93-9E6A24EB2AFA}.Release|Any CPU.ActiveCfg = Release|x86
		{96B542C8-4450-4DC1-AB93-9E6A24EB2AFA}.Release|ARM.ActiveCfg = Release|ARM
		{96B542C8-4450-4DC1-AB93-9E6A24EB2AFA}.Release|ARM.Build.0 = Release|ARM
		{96B542C8-4450-4DC1-AB93-9E6A24EB2AFA}.Release|ARM.Deploy.0 = Release|ARM
		{96B542C8-4450-4DC1-AB93-9E6A24EB2AFA}.Release|iPhone.ActiveCfg = Release|x86
		{96B542C8-4450-4DC1-AB93-9E6A24EB2AFA}.Release|iPhoneSimulator.ActiveCfg = Release|x86
		{96B542C8-4450-4DC1-AB93-9E6A24EB2AFA}.Release|x64.ActiveCfg = Release|x64
		{96B542C8-4450-4DC1-AB93-9E6A24EB2AFA}.Release|x64.Build.0 = Release|x64
		{96B542C8-4450-4DC1-AB93-9E6A24EB2AFA}.Release|x64.Deploy.0 = Release|x64
		{96B542C8-4450-4DC1-AB93-9E6A24EB2AFA}.Release|x86.ActiveCfg = Release|x86
		{96B542C8-4450-4DC1-AB93-9E6A24EB2AFA}.Release|x86.Build.0 = Release|x86
		{96B542C8-4450-4DC1-AB93-9E6A24EB2AFA}.Release|x86.Deploy.0 = Release|x86
	EndGlobalSection
	GlobalSection(SolutionProperties) = preSolution
		HideSolutionNode = FALSE
	EndGlobalSection
	GlobalSection(TeamFoundationVersionControl) = preSolution
		SccNumberOfProjects = 3
		SccEnterpriseProvider = {4CA58AB2-18FA-4F8D-95D4-32DDF27D184C}
		SccTeamFoundationServer = https://vitekhorejs.visualstudio.com/
		SccLocalPath0 = .
		SccProjectUniqueName1 = Telefonní\u0020seznam\\Telefonní_seznam.UWP\\Telefonní_seznam.UWP.csproj
		SccProjectName1 = Telefonní\u0020seznam/Telefonní_seznam.UWP
		SccLocalPath1 = Telefonní\u0020seznam\\Telefonní_seznam.UWP
		SccProjectUniqueName2 = Telefonní\u0020seznam\\Telefonní_seznam\\Telefonní_seznam.csproj
		SccProjectName2 = Telefonní\u0020seznam/Telefonní_seznam
		SccLocalPath2 = Telefonní\u0020seznam\\Telefonní_seznam
	EndGlobalSection
EndGlobal
